
Microsoft Visual Studio Solution File, Format Version 12.00
# Visual Studio 15
VisualStudioVersion = 15.0.27703.2035
MinimumVisualStudioVersion = 10.0.40219.1
Project("{FAE04EC0-301F-11D3-BF4B-00C04F79EFBC}") = "P02.SubsetOfSumS", "P02.SubsetOfSumS\P02.SubsetOfSumS.csproj", "{B27E954C-5B3C-42C0-B9E3-60A49225D6A3}"
EndProject
Project("{FAE04EC0-301F-11D3-BF4B-00C04F79EFBC}") = "P01.TribonacciTriangle", "P01.TribonacciTriangle\P01.TribonacciTriangle.csproj", "{4BE05B69-0E3A-4665-A3E0-95CFDD7BE0F0}"
EndProject
Project("{FAE04EC0-301F-11D3-BF4B-00C04F79EFBC}") = "P03.BOunce", "P03.BOunce\P03.BOunce.csproj", "{31609A61-5E94-46E9-901C-4F49A8DA20FB}"
EndProject
Global
	GlobalSection(SolutionConfigurationPlatforms) = preSolution
		Debug|Any CPU = Debug|Any CPU
		Release|Any CPU = Release|Any CPU
	EndGlobalSection
	GlobalSection(ProjectConfigurationPlatforms) = postSolution
		{B27E954C-5B3C-42C0-B9E3-60A49225D6A3}.Debug|Any CPU.ActiveCfg = Debug|Any CPU
		{B27E954C-5B3C-42C0-B9E3-60A49225D6A3}.Debug|Any CPU.Build.0 = Debug|Any CPU
		{B27E954C-5B3C-42C0-B9E3-60A49225D6A3}.Release|Any CPU.ActiveCfg = Release|Any CPU
		{B27E954C-5B3C-42C0-B9E3-60A49225D6A3}.Release|Any CPU.Build.0 = Release|Any CPU
		{4BE05B69-0E3A-4665-A3E0-95CFDD7BE0F0}.Debug|Any CPU.ActiveCfg = Debug|Any CPU
		{4BE05B69-0E3A-4665-A3E0-95CFDD7BE0F0}.Debug|Any CPU.Build.0 = Debug|Any CPU
		{4BE05B69-0E3A-4665-A3E0-95CFDD7BE0F0}.Release|Any CPU.ActiveCfg = Release|Any CPU
		{4BE05B69-0E3A-4665-A3E0-95CFDD7BE0F0}.Release|Any CPU.Build.0 = Release|Any CPU
		{31609A61-5E94-46E9-901C-4F49A8DA20FB}.Debug|Any CPU.ActiveCfg = Debug|Any CPU
		{31609A61-5E94-46E9-901C-4F49A8DA20FB}.Debug|Any CPU.Build.0 = Debug|Any CPU
		{31609A61-5E94-46E9-901C-4F49A8DA20FB}.Release|Any CPU.ActiveCfg = Release|Any CPU
		{31609A61-5E94-46E9-901C-4F49A8DA20FB}.Release|Any CPU.Build.0 = Release|Any CPU
	EndGlobalSection
	GlobalSection(SolutionProperties) = preSolution
		HideSolutionNode = FALSE
	EndGlobalSection
	GlobalSection(ExtensibilityGlobals) = postSolution
		SolutionGuid = {519F6D9B-D067-4BF2-B5B8-12BA4BC29B07}
	EndGlobalSection
EndGlobal
