
Microsoft Visual Studio Solution File, Format Version 12.00
# Visual Studio 15
VisualStudioVersion = 15.0.27703.2047
MinimumVisualStudioVersion = 10.0.40219.1
Project("{9A19103F-16F7-4668-BE54-9A1E7A4F7556}") = "P01StringBuilderSubstring", "StringBuilderSubstring\P01StringBuilderSubstring.csproj", "{76706907-E030-4A25-9413-DAB096AE8660}"
EndProject
Project("{9A19103F-16F7-4668-BE54-9A1E7A4F7556}") = "P02IEnumerableExtensions", "P02IEnumerableExtensions\P02IEnumerableExtensions.csproj", "{6A023542-8E23-4322-9B62-25C5D5FC87DB}"
EndProject
Project("{9A19103F-16F7-4668-BE54-9A1E7A4F7556}") = "P03FirstBeforeLast", "P03FirstBeforeLast\P03FirstBeforeLast.csproj", "{4EA1E257-7E71-430D-BD08-DA000B0C2D13}"
EndProject
Project("{FAE04EC0-301F-11D3-BF4B-00C04F79EFBC}") = "P06DivisibleBy7And3", "P06DivisibleBy7And3\P06DivisibleBy7And3.csproj", "{9C10BFFF-640E-41F2-B12C-7B0096825EC8}"
EndProject
Project("{FAE04EC0-301F-11D3-BF4B-00C04F79EFBC}") = "P14LongestString", "P14LongestString\P14LongestString.csproj", "{40C7BB4B-F890-4F03-93AD-9D2A3243699F}"
EndProject
Global
	GlobalSection(SolutionConfigurationPlatforms) = preSolution
		Debug|Any CPU = Debug|Any CPU
		Release|Any CPU = Release|Any CPU
	EndGlobalSection
	GlobalSection(ProjectConfigurationPlatforms) = postSolution
		{76706907-E030-4A25-9413-DAB096AE8660}.Debug|Any CPU.ActiveCfg = Debug|Any CPU
		{76706907-E030-4A25-9413-DAB096AE8660}.Debug|Any CPU.Build.0 = Debug|Any CPU
		{76706907-E030-4A25-9413-DAB096AE8660}.Release|Any CPU.ActiveCfg = Release|Any CPU
		{76706907-E030-4A25-9413-DAB096AE8660}.Release|Any CPU.Build.0 = Release|Any CPU
		{6A023542-8E23-4322-9B62-25C5D5FC87DB}.Debug|Any CPU.ActiveCfg = Debug|Any CPU
		{6A023542-8E23-4322-9B62-25C5D5FC87DB}.Debug|Any CPU.Build.0 = Debug|Any CPU
		{6A023542-8E23-4322-9B62-25C5D5FC87DB}.Release|Any CPU.ActiveCfg = Release|Any CPU
		{6A023542-8E23-4322-9B62-25C5D5FC87DB}.Release|Any CPU.Build.0 = Release|Any CPU
		{4EA1E257-7E71-430D-BD08-DA000B0C2D13}.Debug|Any CPU.ActiveCfg = Debug|Any CPU
		{4EA1E257-7E71-430D-BD08-DA000B0C2D13}.Debug|Any CPU.Build.0 = Debug|Any CPU
		{4EA1E257-7E71-430D-BD08-DA000B0C2D13}.Release|Any CPU.ActiveCfg = Release|Any CPU
		{4EA1E257-7E71-430D-BD08-DA000B0C2D13}.Release|Any CPU.Build.0 = Release|Any CPU
		{9C10BFFF-640E-41F2-B12C-7B0096825EC8}.Debug|Any CPU.ActiveCfg = Debug|Any CPU
		{9C10BFFF-640E-41F2-B12C-7B0096825EC8}.Debug|Any CPU.Build.0 = Debug|Any CPU
		{9C10BFFF-640E-41F2-B12C-7B0096825EC8}.Release|Any CPU.ActiveCfg = Release|Any CPU
		{9C10BFFF-640E-41F2-B12C-7B0096825EC8}.Release|Any CPU.Build.0 = Release|Any CPU
		{40C7BB4B-F890-4F03-93AD-9D2A3243699F}.Debug|Any CPU.ActiveCfg = Debug|Any CPU
		{40C7BB4B-F890-4F03-93AD-9D2A3243699F}.Debug|Any CPU.Build.0 = Debug|Any CPU
		{40C7BB4B-F890-4F03-93AD-9D2A3243699F}.Release|Any CPU.ActiveCfg = Release|Any CPU
		{40C7BB4B-F890-4F03-93AD-9D2A3243699F}.Release|Any CPU.Build.0 = Release|Any CPU
	EndGlobalSection
	GlobalSection(SolutionProperties) = preSolution
		HideSolutionNode = FALSE
	EndGlobalSection
	GlobalSection(ExtensibilityGlobals) = postSolution
		SolutionGuid = {082DF44E-854B-4B59-9AE9-33B7EFD1F53A}
	EndGlobalSection
EndGlobal
