
Microsoft Visual Studio Solution File, Format Version 12.00
# Visual Studio 15
VisualStudioVersion = 15.0.27130.2010
MinimumVisualStudioVersion = 10.0.40219.1
Project("{FAE04EC0-301F-11D3-BF4B-00C04F79EFBC}") = "Demo.LoggingModule", "Demo.Logger\Demo.LoggingModule.csproj", "{99FCAB7C-1737-4D5D-84E4-E212DC611DA9}"
EndProject
Project("{FAE04EC0-301F-11D3-BF4B-00C04F79EFBC}") = "Demo.RegistrationModule", "Demo.RegistrationModule\Demo.RegistrationModule.csproj", "{165EC4AF-4315-46BB-B3C4-58BC0F30A605}"
EndProject
Project("{FAE04EC0-301F-11D3-BF4B-00C04F79EFBC}") = "Demo.Main", "Demo.Main\Demo.Main.csproj", "{A2620863-9F2C-49D7-B907-D92960A6F2C6}"
EndProject
Global
	GlobalSection(SolutionConfigurationPlatforms) = preSolution
		Debug|Any CPU = Debug|Any CPU
		Release|Any CPU = Release|Any CPU
	EndGlobalSection
	GlobalSection(ProjectConfigurationPlatforms) = postSolution
		{99FCAB7C-1737-4D5D-84E4-E212DC611DA9}.Debug|Any CPU.ActiveCfg = Debug|Any CPU
		{99FCAB7C-1737-4D5D-84E4-E212DC611DA9}.Debug|Any CPU.Build.0 = Debug|Any CPU
		{99FCAB7C-1737-4D5D-84E4-E212DC611DA9}.Release|Any CPU.ActiveCfg = Release|Any CPU
		{99FCAB7C-1737-4D5D-84E4-E212DC611DA9}.Release|Any CPU.Build.0 = Release|Any CPU
		{165EC4AF-4315-46BB-B3C4-58BC0F30A605}.Debug|Any CPU.ActiveCfg = Debug|Any CPU
		{165EC4AF-4315-46BB-B3C4-58BC0F30A605}.Debug|Any CPU.Build.0 = Debug|Any CPU
		{165EC4AF-4315-46BB-B3C4-58BC0F30A605}.Release|Any CPU.ActiveCfg = Release|Any CPU
		{165EC4AF-4315-46BB-B3C4-58BC0F30A605}.Release|Any CPU.Build.0 = Release|Any CPU
		{A2620863-9F2C-49D7-B907-D92960A6F2C6}.Debug|Any CPU.ActiveCfg = Debug|Any CPU
		{A2620863-9F2C-49D7-B907-D92960A6F2C6}.Debug|Any CPU.Build.0 = Debug|Any CPU
		{A2620863-9F2C-49D7-B907-D92960A6F2C6}.Release|Any CPU.ActiveCfg = Release|Any CPU
		{A2620863-9F2C-49D7-B907-D92960A6F2C6}.Release|Any CPU.Build.0 = Release|Any CPU
	EndGlobalSection
	GlobalSection(SolutionProperties) = preSolution
		HideSolutionNode = FALSE
	EndGlobalSection
	GlobalSection(ExtensibilityGlobals) = postSolution
		SolutionGuid = {60E31C3A-7E8C-4F85-8703-FE718D6247E2}
	EndGlobalSection
EndGlobal
