
Microsoft Visual Studio Solution File, Format Version 12.00
# Visual Studio 15
VisualStudioVersion = 15.0.27703.2035
MinimumVisualStudioVersion = 10.0.40219.1
Project("{9A19103F-16F7-4668-BE54-9A1E7A4F7556}") = "ReverseStrings", "ReverseStrings\ReverseStrings.csproj", "{0D466756-014F-48A3-9AFD-6671BF27B8B1}"
EndProject
Project("{9A19103F-16F7-4668-BE54-9A1E7A4F7556}") = "CorrectBrackets", "CorrectBrackets\CorrectBrackets.csproj", "{D214EFEB-F147-4E2C-BD52-5A89C3D0CF8F}"
EndProject
Project("{9A19103F-16F7-4668-BE54-9A1E7A4F7556}") = "SubStringInText", "SubStringInText\SubStringInText.csproj", "{54F84E92-F1A9-4448-956D-6A2EFAF4A57F}"
EndProject
Project("{9A19103F-16F7-4668-BE54-9A1E7A4F7556}") = "ParseTags", "ParseTags\ParseTags.csproj", "{DE3B730A-3933-4220-8889-2F5DFC240524}"
EndProject
Project("{9A19103F-16F7-4668-BE54-9A1E7A4F7556}") = "StringLenght", "StringLenght\StringLenght.csproj", "{60111490-3D9D-40C2-9FF8-F6D5D8831369}"
EndProject
Project("{9A19103F-16F7-4668-BE54-9A1E7A4F7556}") = "ExtractSentences", "ExtractSentences\ExtractSentences.csproj", "{DE5EE9B9-8091-4195-8C14-1B4CF570237C}"
EndProject
Project("{9A19103F-16F7-4668-BE54-9A1E7A4F7556}") = "UnicodeCharacters", "UnicodeCharacters\UnicodeCharacters.csproj", "{BF0329D0-2821-4879-AFFD-70F2313A28B2}"
EndProject
Project("{9A19103F-16F7-4668-BE54-9A1E7A4F7556}") = "ParseURL", "ParseURL\ParseURL.csproj", "{6B5BECA2-EEDD-43D6-A597-1226EEFD0012}"
EndProject
Project("{9A19103F-16F7-4668-BE54-9A1E7A4F7556}") = "ReverseSentence", "ReverseSentence\ReverseSentence.csproj", "{2C5F00DA-E7AA-43DC-843C-D4A90B527C13}"
EndProject
Project("{9A19103F-16F7-4668-BE54-9A1E7A4F7556}") = "ReplaceTags", "ReplaceTags\ReplaceTags.csproj", "{FC2875C4-32B3-4F4C-8E6F-C1A1B8987076}"
EndProject
Project("{FAE04EC0-301F-11D3-BF4B-00C04F79EFBC}") = "ReplaceTagsWhithRegex", "ReplaceTagsWhithRegex\ReplaceTagsWhithRegex.csproj", "{A7440FB2-5C67-49C3-9ABD-B1A7ABD00F20}"
EndProject
Global
	GlobalSection(SolutionConfigurationPlatforms) = preSolution
		Debug|Any CPU = Debug|Any CPU
		Release|Any CPU = Release|Any CPU
	EndGlobalSection
	GlobalSection(ProjectConfigurationPlatforms) = postSolution
		{0D466756-014F-48A3-9AFD-6671BF27B8B1}.Debug|Any CPU.ActiveCfg = Debug|Any CPU
		{0D466756-014F-48A3-9AFD-6671BF27B8B1}.Debug|Any CPU.Build.0 = Debug|Any CPU
		{0D466756-014F-48A3-9AFD-6671BF27B8B1}.Release|Any CPU.ActiveCfg = Release|Any CPU
		{0D466756-014F-48A3-9AFD-6671BF27B8B1}.Release|Any CPU.Build.0 = Release|Any CPU
		{D214EFEB-F147-4E2C-BD52-5A89C3D0CF8F}.Debug|Any CPU.ActiveCfg = Debug|Any CPU
		{D214EFEB-F147-4E2C-BD52-5A89C3D0CF8F}.Debug|Any CPU.Build.0 = Debug|Any CPU
		{D214EFEB-F147-4E2C-BD52-5A89C3D0CF8F}.Release|Any CPU.ActiveCfg = Release|Any CPU
		{D214EFEB-F147-4E2C-BD52-5A89C3D0CF8F}.Release|Any CPU.Build.0 = Release|Any CPU
		{54F84E92-F1A9-4448-956D-6A2EFAF4A57F}.Debug|Any CPU.ActiveCfg = Debug|Any CPU
		{54F84E92-F1A9-4448-956D-6A2EFAF4A57F}.Debug|Any CPU.Build.0 = Debug|Any CPU
		{54F84E92-F1A9-4448-956D-6A2EFAF4A57F}.Release|Any CPU.ActiveCfg = Release|Any CPU
		{54F84E92-F1A9-4448-956D-6A2EFAF4A57F}.Release|Any CPU.Build.0 = Release|Any CPU
		{DE3B730A-3933-4220-8889-2F5DFC240524}.Debug|Any CPU.ActiveCfg = Debug|Any CPU
		{DE3B730A-3933-4220-8889-2F5DFC240524}.Debug|Any CPU.Build.0 = Debug|Any CPU
		{DE3B730A-3933-4220-8889-2F5DFC240524}.Release|Any CPU.ActiveCfg = Release|Any CPU
		{DE3B730A-3933-4220-8889-2F5DFC240524}.Release|Any CPU.Build.0 = Release|Any CPU
		{60111490-3D9D-40C2-9FF8-F6D5D8831369}.Debug|Any CPU.ActiveCfg = Debug|Any CPU
		{60111490-3D9D-40C2-9FF8-F6D5D8831369}.Debug|Any CPU.Build.0 = Debug|Any CPU
		{60111490-3D9D-40C2-9FF8-F6D5D8831369}.Release|Any CPU.ActiveCfg = Release|Any CPU
		{60111490-3D9D-40C2-9FF8-F6D5D8831369}.Release|Any CPU.Build.0 = Release|Any CPU
		{DE5EE9B9-8091-4195-8C14-1B4CF570237C}.Debug|Any CPU.ActiveCfg = Debug|Any CPU
		{DE5EE9B9-8091-4195-8C14-1B4CF570237C}.Debug|Any CPU.Build.0 = Debug|Any CPU
		{DE5EE9B9-8091-4195-8C14-1B4CF570237C}.Release|Any CPU.ActiveCfg = Release|Any CPU
		{DE5EE9B9-8091-4195-8C14-1B4CF570237C}.Release|Any CPU.Build.0 = Release|Any CPU
		{BF0329D0-2821-4879-AFFD-70F2313A28B2}.Debug|Any CPU.ActiveCfg = Debug|Any CPU
		{BF0329D0-2821-4879-AFFD-70F2313A28B2}.Debug|Any CPU.Build.0 = Debug|Any CPU
		{BF0329D0-2821-4879-AFFD-70F2313A28B2}.Release|Any CPU.ActiveCfg = Release|Any CPU
		{BF0329D0-2821-4879-AFFD-70F2313A28B2}.Release|Any CPU.Build.0 = Release|Any CPU
		{6B5BECA2-EEDD-43D6-A597-1226EEFD0012}.Debug|Any CPU.ActiveCfg = Debug|Any CPU
		{6B5BECA2-EEDD-43D6-A597-1226EEFD0012}.Debug|Any CPU.Build.0 = Debug|Any CPU
		{6B5BECA2-EEDD-43D6-A597-1226EEFD0012}.Release|Any CPU.ActiveCfg = Release|Any CPU
		{6B5BECA2-EEDD-43D6-A597-1226EEFD0012}.Release|Any CPU.Build.0 = Release|Any CPU
		{2C5F00DA-E7AA-43DC-843C-D4A90B527C13}.Debug|Any CPU.ActiveCfg = Debug|Any CPU
		{2C5F00DA-E7AA-43DC-843C-D4A90B527C13}.Debug|Any CPU.Build.0 = Debug|Any CPU
		{2C5F00DA-E7AA-43DC-843C-D4A90B527C13}.Release|Any CPU.ActiveCfg = Release|Any CPU
		{2C5F00DA-E7AA-43DC-843C-D4A90B527C13}.Release|Any CPU.Build.0 = Release|Any CPU
		{FC2875C4-32B3-4F4C-8E6F-C1A1B8987076}.Debug|Any CPU.ActiveCfg = Debug|Any CPU
		{FC2875C4-32B3-4F4C-8E6F-C1A1B8987076}.Debug|Any CPU.Build.0 = Debug|Any CPU
		{FC2875C4-32B3-4F4C-8E6F-C1A1B8987076}.Release|Any CPU.ActiveCfg = Release|Any CPU
		{FC2875C4-32B3-4F4C-8E6F-C1A1B8987076}.Release|Any CPU.Build.0 = Release|Any CPU
		{A7440FB2-5C67-49C3-9ABD-B1A7ABD00F20}.Debug|Any CPU.ActiveCfg = Debug|Any CPU
		{A7440FB2-5C67-49C3-9ABD-B1A7ABD00F20}.Debug|Any CPU.Build.0 = Debug|Any CPU
		{A7440FB2-5C67-49C3-9ABD-B1A7ABD00F20}.Release|Any CPU.ActiveCfg = Release|Any CPU
		{A7440FB2-5C67-49C3-9ABD-B1A7ABD00F20}.Release|Any CPU.Build.0 = Release|Any CPU
	EndGlobalSection
	GlobalSection(SolutionProperties) = preSolution
		HideSolutionNode = FALSE
	EndGlobalSection
	GlobalSection(ExtensibilityGlobals) = postSolution
		SolutionGuid = {BE8E9376-C819-4254-8ED6-F39A6316776C}
	EndGlobalSection
EndGlobal
