
Microsoft Visual Studio Solution File, Format Version 12.00
# Visual Studio 15
VisualStudioVersion = 15.0.28010.2019
MinimumVisualStudioVersion = 10.0.40219.1
Project("{9A19103F-16F7-4668-BE54-9A1E7A4F7556}") = "OnlineMarket", "OnlineMarket\OnlineMarket.csproj", "{A93EADC3-8533-4AA1-8791-8218B3DF0D0A}"
EndProject
Project("{FAE04EC0-301F-11D3-BF4B-00C04F79EFBC}") = "OrderSystem", "OrderSystem\OrderSystem.csproj", "{EC4F8634-0F93-47A7-A2F9-3709420F2A00}"
EndProject
Global
	GlobalSection(SolutionConfigurationPlatforms) = preSolution
		Debug|Any CPU = Debug|Any CPU
		Release|Any CPU = Release|Any CPU
	EndGlobalSection
	GlobalSection(ProjectConfigurationPlatforms) = postSolution
		{A93EADC3-8533-4AA1-8791-8218B3DF0D0A}.Debug|Any CPU.ActiveCfg = Debug|Any CPU
		{A93EADC3-8533-4AA1-8791-8218B3DF0D0A}.Debug|Any CPU.Build.0 = Debug|Any CPU
		{A93EADC3-8533-4AA1-8791-8218B3DF0D0A}.Release|Any CPU.ActiveCfg = Release|Any CPU
		{A93EADC3-8533-4AA1-8791-8218B3DF0D0A}.Release|Any CPU.Build.0 = Release|Any CPU
		{EC4F8634-0F93-47A7-A2F9-3709420F2A00}.Debug|Any CPU.ActiveCfg = Debug|Any CPU
		{EC4F8634-0F93-47A7-A2F9-3709420F2A00}.Debug|Any CPU.Build.0 = Debug|Any CPU
		{EC4F8634-0F93-47A7-A2F9-3709420F2A00}.Release|Any CPU.ActiveCfg = Release|Any CPU
		{EC4F8634-0F93-47A7-A2F9-3709420F2A00}.Release|Any CPU.Build.0 = Release|Any CPU
	EndGlobalSection
	GlobalSection(SolutionProperties) = preSolution
		HideSolutionNode = FALSE
	EndGlobalSection
	GlobalSection(ExtensibilityGlobals) = postSolution
		SolutionGuid = {ACA992B8-E44F-40DC-821A-F7F387CD2214}
	EndGlobalSection
EndGlobal
