
Microsoft Visual Studio Solution File, Format Version 12.00
# Visual Studio 15
VisualStudioVersion = 15.0.28010.2019
MinimumVisualStudioVersion = 10.0.40219.1
Project("{9A19103F-16F7-4668-BE54-9A1E7A4F7556}") = "Task1FindTheRoot", "Task1FindTheRoot\Task1FindTheRoot.csproj", "{D01C8E3D-39C3-4A9C-A7F7-9C1AC757B7D2}"
EndProject
Project("{9A19103F-16F7-4668-BE54-9A1E7A4F7556}") = "Medians", "Medians\Medians.csproj", "{C7236A46-0E6D-4857-BCA6-56E0E415A26D}"
EndProject
Project("{9A19103F-16F7-4668-BE54-9A1E7A4F7556}") = "SimplyBinaryTreeWithoutBalancing", "SimplyBinaryTreeWithoutBalancing\SimplyBinaryTreeWithoutBalancing.csproj", "{18A8FEC5-A7E2-4EF2-91D3-D61A0FB6E1ED}"
EndProject
Project("{FAE04EC0-301F-11D3-BF4B-00C04F79EFBC}") = "Portals", "Portals\Portals.csproj", "{B2EEAA3A-A18B-45F2-B025-009DFA9D83C9}"
EndProject
Global
	GlobalSection(SolutionConfigurationPlatforms) = preSolution
		Debug|Any CPU = Debug|Any CPU
		Release|Any CPU = Release|Any CPU
	EndGlobalSection
	GlobalSection(ProjectConfigurationPlatforms) = postSolution
		{D01C8E3D-39C3-4A9C-A7F7-9C1AC757B7D2}.Debug|Any CPU.ActiveCfg = Debug|Any CPU
		{D01C8E3D-39C3-4A9C-A7F7-9C1AC757B7D2}.Debug|Any CPU.Build.0 = Debug|Any CPU
		{D01C8E3D-39C3-4A9C-A7F7-9C1AC757B7D2}.Release|Any CPU.ActiveCfg = Release|Any CPU
		{D01C8E3D-39C3-4A9C-A7F7-9C1AC757B7D2}.Release|Any CPU.Build.0 = Release|Any CPU
		{C7236A46-0E6D-4857-BCA6-56E0E415A26D}.Debug|Any CPU.ActiveCfg = Debug|Any CPU
		{C7236A46-0E6D-4857-BCA6-56E0E415A26D}.Debug|Any CPU.Build.0 = Debug|Any CPU
		{C7236A46-0E6D-4857-BCA6-56E0E415A26D}.Release|Any CPU.ActiveCfg = Release|Any CPU
		{C7236A46-0E6D-4857-BCA6-56E0E415A26D}.Release|Any CPU.Build.0 = Release|Any CPU
		{18A8FEC5-A7E2-4EF2-91D3-D61A0FB6E1ED}.Debug|Any CPU.ActiveCfg = Debug|Any CPU
		{18A8FEC5-A7E2-4EF2-91D3-D61A0FB6E1ED}.Debug|Any CPU.Build.0 = Debug|Any CPU
		{18A8FEC5-A7E2-4EF2-91D3-D61A0FB6E1ED}.Release|Any CPU.ActiveCfg = Release|Any CPU
		{18A8FEC5-A7E2-4EF2-91D3-D61A0FB6E1ED}.Release|Any CPU.Build.0 = Release|Any CPU
		{B2EEAA3A-A18B-45F2-B025-009DFA9D83C9}.Debug|Any CPU.ActiveCfg = Debug|Any CPU
		{B2EEAA3A-A18B-45F2-B025-009DFA9D83C9}.Debug|Any CPU.Build.0 = Debug|Any CPU
		{B2EEAA3A-A18B-45F2-B025-009DFA9D83C9}.Release|Any CPU.ActiveCfg = Release|Any CPU
		{B2EEAA3A-A18B-45F2-B025-009DFA9D83C9}.Release|Any CPU.Build.0 = Release|Any CPU
	EndGlobalSection
	GlobalSection(SolutionProperties) = preSolution
		HideSolutionNode = FALSE
	EndGlobalSection
	GlobalSection(ExtensibilityGlobals) = postSolution
		SolutionGuid = {DBB9100D-2288-49A0-82E9-5EC7D757815F}
	EndGlobalSection
EndGlobal
