
Microsoft Visual Studio Solution File, Format Version 12.00
# Visual Studio 15
VisualStudioVersion = 15.0.26124.0
MinimumVisualStudioVersion = 15.0.26124.0
Project("{9A19103F-16F7-4668-BE54-9A1E7A4F7556}") = "Academy", "Academy\Academy.csproj", "{6852FC64-3A9D-4FB2-BFF6-FE21C3F5FC67}"
EndProject
Project("{FAE04EC0-301F-11D3-BF4B-00C04F79EFBC}") = "Academy.Tests", "Academy.Tests\Academy.Tests.csproj", "{F6025CF6-F801-4B50-BC7D-6600538A2E08}"
EndProject
Global
	GlobalSection(SolutionConfigurationPlatforms) = preSolution
		Debug|Any CPU = Debug|Any CPU
		Debug|x64 = Debug|x64
		Debug|x86 = Debug|x86
		Release|Any CPU = Release|Any CPU
		Release|x64 = Release|x64
		Release|x86 = Release|x86
	EndGlobalSection
	GlobalSection(ProjectConfigurationPlatforms) = postSolution
		{6852FC64-3A9D-4FB2-BFF6-FE21C3F5FC67}.Debug|Any CPU.ActiveCfg = Debug|Any CPU
		{6852FC64-3A9D-4FB2-BFF6-FE21C3F5FC67}.Debug|Any CPU.Build.0 = Debug|Any CPU
		{6852FC64-3A9D-4FB2-BFF6-FE21C3F5FC67}.Debug|x64.ActiveCfg = Debug|Any CPU
		{6852FC64-3A9D-4FB2-BFF6-FE21C3F5FC67}.Debug|x64.Build.0 = Debug|Any CPU
		{6852FC64-3A9D-4FB2-BFF6-FE21C3F5FC67}.Debug|x86.ActiveCfg = Debug|Any CPU
		{6852FC64-3A9D-4FB2-BFF6-FE21C3F5FC67}.Debug|x86.Build.0 = Debug|Any CPU
		{6852FC64-3A9D-4FB2-BFF6-FE21C3F5FC67}.Release|Any CPU.ActiveCfg = Release|Any CPU
		{6852FC64-3A9D-4FB2-BFF6-FE21C3F5FC67}.Release|Any CPU.Build.0 = Release|Any CPU
		{6852FC64-3A9D-4FB2-BFF6-FE21C3F5FC67}.Release|x64.ActiveCfg = Release|Any CPU
		{6852FC64-3A9D-4FB2-BFF6-FE21C3F5FC67}.Release|x64.Build.0 = Release|Any CPU
		{6852FC64-3A9D-4FB2-BFF6-FE21C3F5FC67}.Release|x86.ActiveCfg = Release|Any CPU
		{6852FC64-3A9D-4FB2-BFF6-FE21C3F5FC67}.Release|x86.Build.0 = Release|Any CPU
		{F6025CF6-F801-4B50-BC7D-6600538A2E08}.Debug|Any CPU.ActiveCfg = Debug|Any CPU
		{F6025CF6-F801-4B50-BC7D-6600538A2E08}.Debug|Any CPU.Build.0 = Debug|Any CPU
		{F6025CF6-F801-4B50-BC7D-6600538A2E08}.Debug|x64.ActiveCfg = Debug|Any CPU
		{F6025CF6-F801-4B50-BC7D-6600538A2E08}.Debug|x64.Build.0 = Debug|Any CPU
		{F6025CF6-F801-4B50-BC7D-6600538A2E08}.Debug|x86.ActiveCfg = Debug|Any CPU
		{F6025CF6-F801-4B50-BC7D-6600538A2E08}.Debug|x86.Build.0 = Debug|Any CPU
		{F6025CF6-F801-4B50-BC7D-6600538A2E08}.Release|Any CPU.ActiveCfg = Release|Any CPU
		{F6025CF6-F801-4B50-BC7D-6600538A2E08}.Release|Any CPU.Build.0 = Release|Any CPU
		{F6025CF6-F801-4B50-BC7D-6600538A2E08}.Release|x64.ActiveCfg = Release|Any CPU
		{F6025CF6-F801-4B50-BC7D-6600538A2E08}.Release|x64.Build.0 = Release|Any CPU
		{F6025CF6-F801-4B50-BC7D-6600538A2E08}.Release|x86.ActiveCfg = Release|Any CPU
		{F6025CF6-F801-4B50-BC7D-6600538A2E08}.Release|x86.Build.0 = Release|Any CPU
	EndGlobalSection
	GlobalSection(SolutionProperties) = preSolution
		HideSolutionNode = FALSE
	EndGlobalSection
	GlobalSection(ExtensibilityGlobals) = postSolution
		SolutionGuid = {524FE8FC-2A26-41FA-9880-271F3C006F73}
	EndGlobalSection
EndGlobal
