
Microsoft Visual Studio Solution File, Format Version 12.00
# Visual Studio 15
VisualStudioVersion = 15.0.28010.2019
MinimumVisualStudioVersion = 10.0.40219.1
Project("{9A19103F-16F7-4668-BE54-9A1E7A4F7556}") = "GreaterMoney", "P01\GreaterMoney.csproj", "{E181B647-67FA-44A0-941C-B15A814EF04C}"
EndProject
Project("{9A19103F-16F7-4668-BE54-9A1E7A4F7556}") = "Expressions", "Expressions\Expressions.csproj", "{A241A720-5EA8-4021-89B5-081C6097E575}"
EndProject
Project("{FAE04EC0-301F-11D3-BF4B-00C04F79EFBC}") = "HashSetTask", "HashSetTask\HashSetTask.csproj", "{78AC2A43-725B-4D6E-9CA4-F57D13008590}"
EndProject
Global
	GlobalSection(SolutionConfigurationPlatforms) = preSolution
		Debug|Any CPU = Debug|Any CPU
		Release|Any CPU = Release|Any CPU
	EndGlobalSection
	GlobalSection(ProjectConfigurationPlatforms) = postSolution
		{E181B647-67FA-44A0-941C-B15A814EF04C}.Debug|Any CPU.ActiveCfg = Debug|Any CPU
		{E181B647-67FA-44A0-941C-B15A814EF04C}.Debug|Any CPU.Build.0 = Debug|Any CPU
		{E181B647-67FA-44A0-941C-B15A814EF04C}.Release|Any CPU.ActiveCfg = Release|Any CPU
		{E181B647-67FA-44A0-941C-B15A814EF04C}.Release|Any CPU.Build.0 = Release|Any CPU
		{A241A720-5EA8-4021-89B5-081C6097E575}.Debug|Any CPU.ActiveCfg = Debug|Any CPU
		{A241A720-5EA8-4021-89B5-081C6097E575}.Debug|Any CPU.Build.0 = Debug|Any CPU
		{A241A720-5EA8-4021-89B5-081C6097E575}.Release|Any CPU.ActiveCfg = Release|Any CPU
		{A241A720-5EA8-4021-89B5-081C6097E575}.Release|Any CPU.Build.0 = Release|Any CPU
		{78AC2A43-725B-4D6E-9CA4-F57D13008590}.Debug|Any CPU.ActiveCfg = Debug|Any CPU
		{78AC2A43-725B-4D6E-9CA4-F57D13008590}.Debug|Any CPU.Build.0 = Debug|Any CPU
		{78AC2A43-725B-4D6E-9CA4-F57D13008590}.Release|Any CPU.ActiveCfg = Release|Any CPU
		{78AC2A43-725B-4D6E-9CA4-F57D13008590}.Release|Any CPU.Build.0 = Release|Any CPU
	EndGlobalSection
	GlobalSection(SolutionProperties) = preSolution
		HideSolutionNode = FALSE
	EndGlobalSection
	GlobalSection(ExtensibilityGlobals) = postSolution
		SolutionGuid = {76D58638-B936-4429-9E7F-70202C4B3A0A}
	EndGlobalSection
EndGlobal
